
Microsoft Visual Studio Solution File, Format Version 12.00
# Visual Studio 15
VisualStudioVersion = 15.0.28010.2036
MinimumVisualStudioVersion = 10.0.40219.1
Project("{FAE04EC0-301F-11D3-BF4B-00C04F79EFBC}") = "ContactsAppUI", "ContactsAppUI\ContactsAppUI.csproj", "{74B4AD61-8BB9-4753-A97D-F0C63D368C29}"
EndProject
Project("{9A19103F-16F7-4668-BE54-9A1E7A4F7556}") = "ContactsApp", "ContactsApp\ContactsApp.csproj", "{7498DFD6-19CF-4EB9-9D94-F6196E88F615}"
EndProject
Project("{FAE04EC0-301F-11D3-BF4B-00C04F79EFBC}") = "ContactsApp.UnitTests", "ContactsApp.UnitTests\ContactsApp.UnitTests.csproj", "{CB5C7679-014C-42A4-819B-838FE34A3593}"
EndProject
Global
	GlobalSection(SolutionConfigurationPlatforms) = preSolution
		Debug|Any CPU = Debug|Any CPU
		Release|Any CPU = Release|Any CPU
	EndGlobalSection
	GlobalSection(ProjectConfigurationPlatforms) = postSolution
		{74B4AD61-8BB9-4753-A97D-F0C63D368C29}.Debug|Any CPU.ActiveCfg = Debug|Any CPU
		{74B4AD61-8BB9-4753-A97D-F0C63D368C29}.Debug|Any CPU.Build.0 = Debug|Any CPU
		{74B4AD61-8BB9-4753-A97D-F0C63D368C29}.Release|Any CPU.ActiveCfg = Release|Any CPU
		{74B4AD61-8BB9-4753-A97D-F0C63D368C29}.Release|Any CPU.Build.0 = Release|Any CPU
		{7498DFD6-19CF-4EB9-9D94-F6196E88F615}.Debug|Any CPU.ActiveCfg = Debug|Any CPU
		{7498DFD6-19CF-4EB9-9D94-F6196E88F615}.Debug|Any CPU.Build.0 = Debug|Any CPU
		{7498DFD6-19CF-4EB9-9D94-F6196E88F615}.Release|Any CPU.ActiveCfg = Release|Any CPU
		{7498DFD6-19CF-4EB9-9D94-F6196E88F615}.Release|Any CPU.Build.0 = Release|Any CPU
		{CB5C7679-014C-42A4-819B-838FE34A3593}.Debug|Any CPU.ActiveCfg = Debug|Any CPU
		{CB5C7679-014C-42A4-819B-838FE34A3593}.Debug|Any CPU.Build.0 = Debug|Any CPU
		{CB5C7679-014C-42A4-819B-838FE34A3593}.Release|Any CPU.ActiveCfg = Release|Any CPU
		{CB5C7679-014C-42A4-819B-838FE34A3593}.Release|Any CPU.Build.0 = Release|Any CPU
	EndGlobalSection
	GlobalSection(SolutionProperties) = preSolution
		HideSolutionNode = FALSE
	EndGlobalSection
	GlobalSection(ExtensibilityGlobals) = postSolution
		SolutionGuid = {46510E79-CD17-449B-98FA-E2C93E0E71D7}
	EndGlobalSection
EndGlobal
